// !$*UTF8*$!
{
	archiveVersion = 1;
	classes = {
	};
	objectVersion = 55;
	objects = {

/* Begin PBXBuildFile section */
		4F1F1FB2283F61C5002A880C /* AppDelegate.swift in Sources */ = {isa = PBXBuildFile; fileRef = 4F1F1FB1283F61C5002A880C /* AppDelegate.swift */; };
		4F1F1FB4283F61C5002A880C /* SceneDelegate.swift in Sources */ = {isa = PBXBuildFile; fileRef = 4F1F1FB3283F61C5002A880C /* SceneDelegate.swift */; };
		4F1F1FB6283F61C5002A880C /* RootViewController.swift in Sources */ = {isa = PBXBuildFile; fileRef = 4F1F1FB5283F61C5002A880C /* RootViewController.swift */; };
		4F1F1FBB283F61C6002A880C /* Assets.xcassets in Resources */ = {isa = PBXBuildFile; fileRef = 4F1F1FBA283F61C6002A880C /* Assets.xcassets */; };
		4F1F1FC7283F6206002A880C /* AppCoordinator.swift in Sources */ = {isa = PBXBuildFile; fileRef = 4F1F1FC6283F6206002A880C /* AppCoordinator.swift */; };
		4F1F1FC9283F6215002A880C /* DependencyRegistry.swift in Sources */ = {isa = PBXBuildFile; fileRef = 4F1F1FC8283F6215002A880C /* DependencyRegistry.swift */; };
		4F1F1FCC283F625B002A880C /* users_data.json in Resources */ = {isa = PBXBuildFile; fileRef = 4F1F1FCB283F625B002A880C /* users_data.json */; };
		4F1F1FD0283F6991002A880C /* UsersVCPresenter.swift in Sources */ = {isa = PBXBuildFile; fileRef = 4F1F1FCF283F6991002A880C /* UsersVCPresenter.swift */; };
		4F1F1FD3283F69AB002A880C /* User.swift in Sources */ = {isa = PBXBuildFile; fileRef = 4F1F1FD2283F69AB002A880C /* User.swift */; };
		4F1F1FD5283F7F3A002A880C /* UsersViewController.swift in Sources */ = {isa = PBXBuildFile; fileRef = 4F1F1FD4283F7F3A002A880C /* UsersViewController.swift */; };
		4F1F1FD7283F9875002A880C /* UsersVCInteractor.swift in Sources */ = {isa = PBXBuildFile; fileRef = 4F1F1FD6283F9875002A880C /* UsersVCInteractor.swift */; };
		4F1F1FD9283F98CB002A880C /* JsonUsersService.swift in Sources */ = {isa = PBXBuildFile; fileRef = 4F1F1FD8283F98CB002A880C /* JsonUsersService.swift */; };
		4F1F1FDB283F9CF9002A880C /* UrlUsersService.swift in Sources */ = {isa = PBXBuildFile; fileRef = 4F1F1FDA283F9CF9002A880C /* UrlUsersService.swift */; };
		4F3316362840A7F3000CCBDA /* UserDetailsViewController.swift in Sources */ = {isa = PBXBuildFile; fileRef = 4F3316342840A7F3000CCBDA /* UserDetailsViewController.swift */; };
		4F3316372840A7F3000CCBDA /* UserDetailsViewController.xib in Resources */ = {isa = PBXBuildFile; fileRef = 4F3316352840A7F3000CCBDA /* UserDetailsViewController.xib */; };
		4F3316392840B093000CCBDA /* UserImageService.swift in Sources */ = {isa = PBXBuildFile; fileRef = 4F3316382840B093000CCBDA /* UserImageService.swift */; };
		4F33163B2840B845000CCBDA /* UserDetailsVCInteractor.swift in Sources */ = {isa = PBXBuildFile; fileRef = 4F33163A2840B845000CCBDA /* UserDetailsVCInteractor.swift */; };
		4F33163D2840B856000CCBDA /* UserDetailsVCPresenter.swift in Sources */ = {isa = PBXBuildFile; fileRef = 4F33163C2840B856000CCBDA /* UserDetailsVCPresenter.swift */; };
/* End PBXBuildFile section */

/* Begin PBXFileReference section */
		4F1F1FAE283F61C5002A880C /* Ukeess_test_MVP_C.app */ = {isa = PBXFileReference; explicitFileType = wrapper.application; includeInIndex = 0; path = Ukeess_test_MVP_C.app; sourceTree = BUILT_PRODUCTS_DIR; };
		4F1F1FB1283F61C5002A880C /* AppDelegate.swift */ = {isa = PBXFileReference; lastKnownFileType = sourcecode.swift; path = AppDelegate.swift; sourceTree = "<group>"; };
		4F1F1FB3283F61C5002A880C /* SceneDelegate.swift */ = {isa = PBXFileReference; lastKnownFileType = sourcecode.swift; path = SceneDelegate.swift; sourceTree = "<group>"; };
		4F1F1FB5283F61C5002A880C /* RootViewController.swift */ = {isa = PBXFileReference; lastKnownFileType = sourcecode.swift; path = RootViewController.swift; sourceTree = "<group>"; };
		4F1F1FBA283F61C6002A880C /* Assets.xcassets */ = {isa = PBXFileReference; lastKnownFileType = folder.assetcatalog; path = Assets.xcassets; sourceTree = "<group>"; };
		4F1F1FBF283F61C6002A880C /* Info.plist */ = {isa = PBXFileReference; lastKnownFileType = text.plist.xml; path = Info.plist; sourceTree = "<group>"; };
		4F1F1FC6283F6206002A880C /* AppCoordinator.swift */ = {isa = PBXFileReference; lastKnownFileType = sourcecode.swift; path = AppCoordinator.swift; sourceTree = "<group>"; };
		4F1F1FC8283F6215002A880C /* DependencyRegistry.swift */ = {isa = PBXFileReference; lastKnownFileType = sourcecode.swift; path = DependencyRegistry.swift; sourceTree = "<group>"; };
		4F1F1FCB283F625B002A880C /* users_data.json */ = {isa = PBXFileReference; fileEncoding = 4; lastKnownFileType = text.json; path = users_data.json; sourceTree = "<group>"; };
		4F1F1FCF283F6991002A880C /* UsersVCPresenter.swift */ = {isa = PBXFileReference; lastKnownFileType = sourcecode.swift; path = UsersVCPresenter.swift; sourceTree = "<group>"; };
		4F1F1FD2283F69AB002A880C /* User.swift */ = {isa = PBXFileReference; lastKnownFileType = sourcecode.swift; path = User.swift; sourceTree = "<group>"; };
		4F1F1FD4283F7F3A002A880C /* UsersViewController.swift */ = {isa = PBXFileReference; lastKnownFileType = sourcecode.swift; path = UsersViewController.swift; sourceTree = "<group>"; };
		4F1F1FD6283F9875002A880C /* UsersVCInteractor.swift */ = {isa = PBXFileReference; lastKnownFileType = sourcecode.swift; path = UsersVCInteractor.swift; sourceTree = "<group>"; };
		4F1F1FD8283F98CB002A880C /* JsonUsersService.swift */ = {isa = PBXFileReference; lastKnownFileType = sourcecode.swift; path = JsonUsersService.swift; sourceTree = "<group>"; };
		4F1F1FDA283F9CF9002A880C /* UrlUsersService.swift */ = {isa = PBXFileReference; lastKnownFileType = sourcecode.swift; path = UrlUsersService.swift; sourceTree = "<group>"; };
		4F3316342840A7F3000CCBDA /* UserDetailsViewController.swift */ = {isa = PBXFileReference; lastKnownFileType = sourcecode.swift; path = UserDetailsViewController.swift; sourceTree = "<group>"; };
		4F3316352840A7F3000CCBDA /* UserDetailsViewController.xib */ = {isa = PBXFileReference; lastKnownFileType = file.xib; path = UserDetailsViewController.xib; sourceTree = "<group>"; };
		4F3316382840B093000CCBDA /* UserImageService.swift */ = {isa = PBXFileReference; lastKnownFileType = sourcecode.swift; path = UserImageService.swift; sourceTree = "<group>"; };
		4F33163A2840B845000CCBDA /* UserDetailsVCInteractor.swift */ = {isa = PBXFileReference; lastKnownFileType = sourcecode.swift; path = UserDetailsVCInteractor.swift; sourceTree = "<group>"; };
		4F33163C2840B856000CCBDA /* UserDetailsVCPresenter.swift */ = {isa = PBXFileReference; lastKnownFileType = sourcecode.swift; path = UserDetailsVCPresenter.swift; sourceTree = "<group>"; };
/* End PBXFileReference section */

/* Begin PBXFrameworksBuildPhase section */
		4F1F1FAB283F61C5002A880C /* Frameworks */ = {
			isa = PBXFrameworksBuildPhase;
			buildActionMask = 2147483647;
			files = (
			);
			runOnlyForDeploymentPostprocessing = 0;
		};
/* End PBXFrameworksBuildPhase section */

/* Begin PBXGroup section */
		4F1F1FA5283F61C5002A880C = {
			isa = PBXGroup;
			children = (
				4F1F1FB0283F61C5002A880C /* Ukeess_test_MVP_C */,
				4F1F1FAF283F61C5002A880C /* Products */,
			);
			sourceTree = "<group>";
		};
		4F1F1FAF283F61C5002A880C /* Products */ = {
			isa = PBXGroup;
			children = (
				4F1F1FAE283F61C5002A880C /* Ukeess_test_MVP_C.app */,
			);
			name = Products;
			sourceTree = "<group>";
		};
		4F1F1FB0283F61C5002A880C /* Ukeess_test_MVP_C */ = {
			isa = PBXGroup;
			children = (
				4F1F1FCA283F623E002A880C /* Resources */,
				4F1F1FC5283F61DD002A880C /* App */,
				4F1F1FD1283F6996002A880C /* Model */,
				4F1F1FCD283F6949002A880C /* Views */,
				4F1F1FCE283F6971002A880C /* Services */,
				4F1F1FBF283F61C6002A880C /* Info.plist */,
			);
			path = Ukeess_test_MVP_C;
			sourceTree = "<group>";
		};
		4F1F1FC5283F61DD002A880C /* App */ = {
			isa = PBXGroup;
			children = (
				4F1F1FB1283F61C5002A880C /* AppDelegate.swift */,
				4F1F1FB3283F61C5002A880C /* SceneDelegate.swift */,
				4F1F1FC6283F6206002A880C /* AppCoordinator.swift */,
				4F1F1FC8283F6215002A880C /* DependencyRegistry.swift */,
			);
			path = App;
			sourceTree = "<group>";
		};
		4F1F1FCA283F623E002A880C /* Resources */ = {
			isa = PBXGroup;
			children = (
				4F1F1FBA283F61C6002A880C /* Assets.xcassets */,
				4F1F1FCB283F625B002A880C /* users_data.json */,
			);
			path = Resources;
			sourceTree = "<group>";
		};
		4F1F1FCD283F6949002A880C /* Views */ = {
			isa = PBXGroup;
			children = (
				4F3D7EB328410D3300F219AA /* Root Screen */,
				4F3D7EB428410D6500F219AA /* Users Screen */,
				4FDF772B28410E6E0092CC0F /* User Details Screen */,
			);
			path = Views;
			sourceTree = "<group>";
		};
		4F1F1FCE283F6971002A880C /* Services */ = {
			isa = PBXGroup;
			children = (
				4F1F1FD8283F98CB002A880C /* JsonUsersService.swift */,
				4F1F1FDA283F9CF9002A880C /* UrlUsersService.swift */,
				4F3316382840B093000CCBDA /* UserImageService.swift */,
			);
			path = Services;
			sourceTree = "<group>";
		};
		4F1F1FD1283F6996002A880C /* Model */ = {
			isa = PBXGroup;
			children = (
				4F1F1FD2283F69AB002A880C /* User.swift */,
			);
			path = Model;
			sourceTree = "<group>";
		};
		4F3D7EB328410D3300F219AA /* Root Screen */ = {
			isa = PBXGroup;
			children = (
				4F1F1FB5283F61C5002A880C /* RootViewController.swift */,
			);
			path = "Root Screen";
			sourceTree = "<group>";
		};
		4F3D7EB428410D6500F219AA /* Users Screen */ = {
			isa = PBXGroup;
			children = (
				4F1F1FD4283F7F3A002A880C /* UsersViewController.swift */,
				4F1F1FD6283F9875002A880C /* UsersVCInteractor.swift */,
				4F1F1FCF283F6991002A880C /* UsersVCPresenter.swift */,
			);
			path = "Users Screen";
			sourceTree = "<group>";
		};
		4FDF772B28410E6E0092CC0F /* User Details Screen */ = {
			isa = PBXGroup;
			children = (
				4F3316352840A7F3000CCBDA /* UserDetailsViewController.xib */,
				4F3316342840A7F3000CCBDA /* UserDetailsViewController.swift */,
				4F33163A2840B845000CCBDA /* UserDetailsVCInteractor.swift */,
				4F33163C2840B856000CCBDA /* UserDetailsVCPresenter.swift */,
			);
			path = "User Details Screen";
			sourceTree = "<group>";
		};
/* End PBXGroup section */

/* Begin PBXNativeTarget section */
		4F1F1FAD283F61C5002A880C /* Ukeess_test_MVP_C */ = {
			isa = PBXNativeTarget;
			buildConfigurationList = 4F1F1FC2283F61C6002A880C /* Build configuration list for PBXNativeTarget "Ukeess_test_MVP_C" */;
			buildPhases = (
				4F1F1FAA283F61C5002A880C /* Sources */,
				4F1F1FAB283F61C5002A880C /* Frameworks */,
				4F1F1FAC283F61C5002A880C /* Resources */,
			);
			buildRules = (
			);
			dependencies = (
			);
			name = Ukeess_test_MVP_C;
			productName = Ukeess_test_MVP_C;
			productReference = 4F1F1FAE283F61C5002A880C /* Ukeess_test_MVP_C.app */;
			productType = "com.apple.product-type.application";
		};
/* End PBXNativeTarget section */

/* Begin PBXProject section */
		4F1F1FA6283F61C5002A880C /* Project object */ = {
			isa = PBXProject;
			attributes = {
				BuildIndependentTargetsInParallel = 1;
				LastSwiftUpdateCheck = 1340;
				LastUpgradeCheck = 1340;
				TargetAttributes = {
					4F1F1FAD283F61C5002A880C = {
						CreatedOnToolsVersion = 13.4;
					};
				};
			};
			buildConfigurationList = 4F1F1FA9283F61C5002A880C /* Build configuration list for PBXProject "Ukeess_test_MVP_C" */;
			compatibilityVersion = "Xcode 13.0";
			developmentRegion = en;
			hasScannedForEncodings = 0;
			knownRegions = (
				en,
				Base,
			);
			mainGroup = 4F1F1FA5283F61C5002A880C;
			productRefGroup = 4F1F1FAF283F61C5002A880C /* Products */;
			projectDirPath = "";
			projectRoot = "";
			targets = (
				4F1F1FAD283F61C5002A880C /* Ukeess_test_MVP_C */,
			);
		};
/* End PBXProject section */

/* Begin PBXResourcesBuildPhase section */
		4F1F1FAC283F61C5002A880C /* Resources */ = {
			isa = PBXResourcesBuildPhase;
			buildActionMask = 2147483647;
			files = (
				4F1F1FCC283F625B002A880C /* users_data.json in Resources */,
				4F3316372840A7F3000CCBDA /* UserDetailsViewController.xib in Resources */,
				4F1F1FBB283F61C6002A880C /* Assets.xcassets in Resources */,
			);
			runOnlyForDeploymentPostprocessing = 0;
		};
/* End PBXResourcesBuildPhase section */

/* Begin PBXSourcesBuildPhase section */
		4F1F1FAA283F61C5002A880C /* Sources */ = {
			isa = PBXSourcesBuildPhase;
			buildActionMask = 2147483647;
			files = (
				4F1F1FC7283F6206002A880C /* AppCoordinator.swift in Sources */,
				4F1F1FD7283F9875002A880C /* UsersVCInteractor.swift in Sources */,
				4F3316362840A7F3000CCBDA /* UserDetailsViewController.swift in Sources */,
				4F1F1FDB283F9CF9002A880C /* UrlUsersService.swift in Sources */,
				4F1F1FD9283F98CB002A880C /* JsonUsersService.swift in Sources */,
				4F1F1FD5283F7F3A002A880C /* UsersViewController.swift in Sources */,
				4F1F1FB6283F61C5002A880C /* RootViewController.swift in Sources */,
				4F3316392840B093000CCBDA /* UserImageService.swift in Sources */,
				4F1F1FC9283F6215002A880C /* DependencyRegistry.swift in Sources */,
				4F1F1FB2283F61C5002A880C /* AppDelegate.swift in Sources */,
				4F33163D2840B856000CCBDA /* UserDetailsVCPresenter.swift in Sources */,
				4F1F1FD3283F69AB002A880C /* User.swift in Sources */,
				4F33163B2840B845000CCBDA /* UserDetailsVCInteractor.swift in Sources */,
				4F1F1FB4283F61C5002A880C /* SceneDelegate.swift in Sources */,
				4F1F1FD0283F6991002A880C /* UsersVCPresenter.swift in Sources */,
			);
			runOnlyForDeploymentPostprocessing = 0;
		};
/* End PBXSourcesBuildPhase section */

/* Begin XCBuildConfiguration section */
		4F1F1FC0283F61C6002A880C /* Debug */ = {
			isa = XCBuildConfiguration;
			buildSettings = {
				ALWAYS_SEARCH_USER_PATHS = NO;
				CLANG_ANALYZER_NONNULL = YES;
				CLANG_ANALYZER_NUMBER_OBJECT_CONVERSION = YES_AGGRESSIVE;
				CLANG_CXX_LANGUAGE_STANDARD = "gnu++17";
				CLANG_ENABLE_MODULES = YES;
				CLANG_ENABLE_OBJC_ARC = YES;
				CLANG_ENABLE_OBJC_WEAK = YES;
				CLANG_WARN_BLOCK_CAPTURE_AUTORELEASING = YES;
				CLANG_WARN_BOOL_CONVERSION = YES;
				CLANG_WARN_COMMA = YES;
				CLANG_WARN_CONSTANT_CONVERSION = YES;
				CLANG_WARN_DEPRECATED_OBJC_IMPLEMENTATIONS = YES;
				CLANG_WARN_DIRECT_OBJC_ISA_USAGE = YES_ERROR;
				CLANG_WARN_DOCUMENTATION_COMMENTS = YES;
				CLANG_WARN_EMPTY_BODY = YES;
				CLANG_WARN_ENUM_CONVERSION = YES;
				CLANG_WARN_INFINITE_RECURSION = YES;
				CLANG_WARN_INT_CONVERSION = YES;
				CLANG_WARN_NON_LITERAL_NULL_CONVERSION = YES;
				CLANG_WARN_OBJC_IMPLICIT_RETAIN_SELF = YES;
				CLANG_WARN_OBJC_LITERAL_CONVERSION = YES;
				CLANG_WARN_OBJC_ROOT_CLASS = YES_ERROR;
				CLANG_WARN_QUOTED_INCLUDE_IN_FRAMEWORK_HEADER = YES;
				CLANG_WARN_RANGE_LOOP_ANALYSIS = YES;
				CLANG_WARN_STRICT_PROTOTYPES = YES;
				CLANG_WARN_SUSPICIOUS_MOVE = YES;
				CLANG_WARN_UNGUARDED_AVAILABILITY = YES_AGGRESSIVE;
				CLANG_WARN_UNREACHABLE_CODE = YES;
				CLANG_WARN__DUPLICATE_METHOD_MATCH = YES;
				COPY_PHASE_STRIP = NO;
				DEBUG_INFORMATION_FORMAT = dwarf;
				ENABLE_STRICT_OBJC_MSGSEND = YES;
				ENABLE_TESTABILITY = YES;
				GCC_C_LANGUAGE_STANDARD = gnu11;
				GCC_DYNAMIC_NO_PIC = NO;
				GCC_NO_COMMON_BLOCKS = YES;
				GCC_OPTIMIZATION_LEVEL = 0;
				GCC_PREPROCESSOR_DEFINITIONS = (
					"DEBUG=1",
					"$(inherited)",
				);
				GCC_WARN_64_TO_32_BIT_CONVERSION = YES;
				GCC_WARN_ABOUT_RETURN_TYPE = YES_ERROR;
				GCC_WARN_UNDECLARED_SELECTOR = YES;
				GCC_WARN_UNINITIALIZED_AUTOS = YES_AGGRESSIVE;
				GCC_WARN_UNUSED_FUNCTION = YES;
				GCC_WARN_UNUSED_VARIABLE = YES;
				IPHONEOS_DEPLOYMENT_TARGET = 15.5;
				MTL_ENABLE_DEBUG_INFO = INCLUDE_SOURCE;
				MTL_FAST_MATH = YES;
				ONLY_ACTIVE_ARCH = YES;
				SDKROOT = iphoneos;
				SWIFT_ACTIVE_COMPILATION_CONDITIONS = DEBUG;
				SWIFT_OPTIMIZATION_LEVEL = "-Onone";
			};
			name = Debug;
		};
		4F1F1FC1283F61C6002A880C /* Release */ = {
			isa = XCBuildConfiguration;
			buildSettings = {
				ALWAYS_SEARCH_USER_PATHS = NO;
				CLANG_ANALYZER_NONNULL = YES;
				CLANG_ANALYZER_NUMBER_OBJECT_CONVERSION = YES_AGGRESSIVE;
				CLANG_CXX_LANGUAGE_STANDARD = "gnu++17";
				CLANG_ENABLE_MODULES = YES;
				CLANG_ENABLE_OBJC_ARC = YES;
				CLANG_ENABLE_OBJC_WEAK = YES;
				CLANG_WARN_BLOCK_CAPTURE_AUTORELEASING = YES;
				CLANG_WARN_BOOL_CONVERSION = YES;
				CLANG_WARN_COMMA = YES;
				CLANG_WARN_CONSTANT_CONVERSION = YES;
				CLANG_WARN_DEPRECATED_OBJC_IMPLEMENTATIONS = YES;
				CLANG_WARN_DIRECT_OBJC_ISA_USAGE = YES_ERROR;
				CLANG_WARN_DOCUMENTATION_COMMENTS = YES;
				CLANG_WARN_EMPTY_BODY = YES;
				CLANG_WARN_ENUM_CONVERSION = YES;
				CLANG_WARN_INFINITE_RECURSION = YES;
				CLANG_WARN_INT_CONVERSION = YES;
				CLANG_WARN_NON_LITERAL_NULL_CONVERSION = YES;
				CLANG_WARN_OBJC_IMPLICIT_RETAIN_SELF = YES;
				CLANG_WARN_OBJC_LITERAL_CONVERSION = YES;
				CLANG_WARN_OBJC_ROOT_CLASS = YES_ERROR;
				CLANG_WARN_QUOTED_INCLUDE_IN_FRAMEWORK_HEADER = YES;
				CLANG_WARN_RANGE_LOOP_ANALYSIS = YES;
				CLANG_WARN_STRICT_PROTOTYPES = YES;
				CLANG_WARN_SUSPICIOUS_MOVE = YES;
				CLANG_WARN_UNGUARDED_AVAILABILITY = YES_AGGRESSIVE;
				CLANG_WARN_UNREACHABLE_CODE = YES;
				CLANG_WARN__DUPLICATE_METHOD_MATCH = YES;
				COPY_PHASE_STRIP = NO;
				DEBUG_INFORMATION_FORMAT = "dwarf-with-dsym";
				ENABLE_NS_ASSERTIONS = NO;
				ENABLE_STRICT_OBJC_MSGSEND = YES;
				GCC_C_LANGUAGE_STANDARD = gnu11;
				GCC_NO_COMMON_BLOCKS = YES;
				GCC_WARN_64_TO_32_BIT_CONVERSION = YES;
				GCC_WARN_ABOUT_RETURN_TYPE = YES_ERROR;
				GCC_WARN_UNDECLARED_SELECTOR = YES;
				GCC_WARN_UNINITIALIZED_AUTOS = YES_AGGRESSIVE;
				GCC_WARN_UNUSED_FUNCTION = YES;
				GCC_WARN_UNUSED_VARIABLE = YES;
				IPHONEOS_DEPLOYMENT_TARGET = 15.5;
				MTL_ENABLE_DEBUG_INFO = NO;
				MTL_FAST_MATH = YES;
				SDKROOT = iphoneos;
				SWIFT_COMPILATION_MODE = wholemodule;
				SWIFT_OPTIMIZATION_LEVEL = "-O";
				VALIDATE_PRODUCT = YES;
			};
			name = Release;
		};
		4F1F1FC3283F61C6002A880C /* Debug */ = {
			isa = XCBuildConfiguration;
			buildSettings = {
				ASSETCATALOG_COMPILER_APPICON_NAME = AppIcon;
				ASSETCATALOG_COMPILER_GLOBAL_ACCENT_COLOR_NAME = AccentColor;
				CODE_SIGN_STYLE = Automatic;
				CURRENT_PROJECT_VERSION = 1;
				DEVELOPMENT_TEAM = C8B6PHJA27;
				GENERATE_INFOPLIST_FILE = YES;
				INFOPLIST_FILE = Ukeess_test_MVP_C/Info.plist;
				INFOPLIST_KEY_UIApplicationSupportsIndirectInputEvents = YES;
				INFOPLIST_KEY_UILaunchStoryboardName = LaunchScreen;
				INFOPLIST_KEY_UISupportedInterfaceOrientations_iPad = "UIInterfaceOrientationPortrait UIInterfaceOrientationPortraitUpsideDown UIInterfaceOrientationLandscapeLeft UIInterfaceOrientationLandscapeRight";
				INFOPLIST_KEY_UISupportedInterfaceOrientations_iPhone = "UIInterfaceOrientationPortrait UIInterfaceOrientationLandscapeLeft UIInterfaceOrientationLandscapeRight";
				LD_RUNPATH_SEARCH_PATHS = (
					"$(inherited)",
					"@executable_path/Frameworks",
				);
				MARKETING_VERSION = 1.0;
				PRODUCT_BUNDLE_IDENTIFIER = "com.ukees.Ukeess-test-MVP-C";
				PRODUCT_NAME = "$(TARGET_NAME)";
				SWIFT_EMIT_LOC_STRINGS = YES;
				SWIFT_VERSION = 5.0;
				TARGETED_DEVICE_FAMILY = "1,2";
			};
			name = Debug;
		};
		4F1F1FC4283F61C6002A880C /* Release */ = {
			isa = XCBuildConfiguration;
			buildSettings = {
				ASSETCATALOG_COMPILER_APPICON_NAME = AppIcon;
				ASSETCATALOG_COMPILER_GLOBAL_ACCENT_COLOR_NAME = AccentColor;
				CODE_SIGN_STYLE = Automatic;
				CURRENT_PROJECT_VERSION = 1;
				DEVELOPMENT_TEAM = C8B6PHJA27;
				GENERATE_INFOPLIST_FILE = YES;
				INFOPLIST_FILE = Ukeess_test_MVP_C/Info.plist;
				INFOPLIST_KEY_UIApplicationSupportsIndirectInputEvents = YES;
				INFOPLIST_KEY_UILaunchStoryboardName = LaunchScreen;
				INFOPLIST_KEY_UISupportedInterfaceOrientations_iPad = "UIInterfaceOrientationPortrait UIInterfaceOrientationPortraitUpsideDown UIInterfaceOrientationLandscapeLeft UIInterfaceOrientationLandscapeRight";
				INFOPLIST_KEY_UISupportedInterfaceOrientations_iPhone = "UIInterfaceOrientationPortrait UIInterfaceOrientationLandscapeLeft UIInterfaceOrientationLandscapeRight";
				LD_RUNPATH_SEARCH_PATHS = (
					"$(inherited)",
					"@executable_path/Frameworks",
				);
				MARKETING_VERSION = 1.0;
				PRODUCT_BUNDLE_IDENTIFIER = "com.ukees.Ukeess-test-MVP-C";
				PRODUCT_NAME = "$(TARGET_NAME)";
				SWIFT_EMIT_LOC_STRINGS = YES;
				SWIFT_VERSION = 5.0;
				TARGETED_DEVICE_FAMILY = "1,2";
			};
			name = Release;
		};
/* End XCBuildConfiguration section */

/* Begin XCConfigurationList section */
		4F1F1FA9283F61C5002A880C /* Build configuration list for PBXProject "Ukeess_test_MVP_C" */ = {
			isa = XCConfigurationList;
			buildConfigurations = (
				4F1F1FC0283F61C6002A880C /* Debug */,
				4F1F1FC1283F61C6002A880C /* Release */,
			);
			defaultConfigurationIsVisible = 0;
			defaultConfigurationName = Release;
		};
		4F1F1FC2283F61C6002A880C /* Build configuration list for PBXNativeTarget "Ukeess_test_MVP_C" */ = {
			isa = XCConfigurationList;
			buildConfigurations = (
				4F1F1FC3283F61C6002A880C /* Debug */,
				4F1F1FC4283F61C6002A880C /* Release */,
			);
			defaultConfigurationIsVisible = 0;
			defaultConfigurationName = Release;
		};
/* End XCConfigurationList section */
	};
	rootObject = 4F1F1FA6283F61C5002A880C /* Project object */;
}
